
Microsoft Visual Studio Solution File, Format Version 12.00
# Visual Studio Version 17
VisualStudioVersion = 17.0.31903.59
MinimumVisualStudioVersion = 10.0.40219.1
Project("{2150E333-8FDC-42A3-9474-1A3956D46DE8}") = "src", "src", "{ECA8441A-52EE-48BA-9AA5-08C2E0AE163C}"
EndProject
Project("{FAE04EC0-301F-11D3-BF4B-00C04F79EFBC}") = "PaymentService", "src\PaymentService\PaymentService.csproj", "{1BCB868D-DB90-40C7-8C29-C9905665F823}"
EndProject
Project("{2150E333-8FDC-42A3-9474-1A3956D46DE8}") = "tests", "tests", "{4C51F96D-F889-43CB-9F87-31EF7C3E51F7}"
EndProject
Project("{FAE04EC0-301F-11D3-BF4B-00C04F79EFBC}") = "OrderService.Domain.Tests", "tests\OrderService.Domain.Tests\OrderService.Domain.Tests.csproj", "{9381A9B4-3F91-42A8-89C6-8C5D58D3CC14}"
EndProject
Project("{FAE04EC0-301F-11D3-BF4B-00C04F79EFBC}") = "Integration.Tests", "tests\Integration.Tests\Integration.Tests.csproj", "{F147D936-1308-4B69-A734-5142EAC3A410}"
EndProject
Project("{FAE04EC0-301F-11D3-BF4B-00C04F79EFBC}") = "OrderService", "src\OrderService\OrderService.csproj", "{776E6DC2-03AB-4889-98E7-97C4255560AF}"
EndProject
Project("{FAE04EC0-301F-11D3-BF4B-00C04F79EFBC}") = "ApiGateway", "src\ApiGateway\ApiGateway.csproj", "{FAD95B70-6DF5-4D20-B5BE-C1454A3A28DF}"
EndProject
Project("{FAE04EC0-301F-11D3-BF4B-00C04F79EFBC}") = "PaymentService.Domain", "src\PaymentService.Domain\PaymentService.Domain.csproj", "{30F3EC57-C509-4C86-94E8-FE2059818182}"
EndProject
Project("{FAE04EC0-301F-11D3-BF4B-00C04F79EFBC}") = "OrderService.Domain", "src\OrderService.Domain\OrderService.Domain.csproj", "{0C9F9CA3-AD8E-4592-AC43-63CE7DACCEEA}"
EndProject
Project("{FAE04EC0-301F-11D3-BF4B-00C04F79EFBC}") = "BuildingBlocks", "src\BuildingBlocks\BuildingBlocks.csproj", "{DE6DA558-4626-4B27-808E-2CC78AC2D355}"
EndProject
Project("{FAE04EC0-301F-11D3-BF4B-00C04F79EFBC}") = "Shared.Contracts", "src\Shared.Contracts\Shared.Contracts.csproj", "{11147D1D-6890-4911-9EC2-5AB3045C23A4}"
EndProject
Project("{FAE04EC0-301F-11D3-BF4B-00C04F79EFBC}") = "NotificationService", "src\NotificationService\NotificationService.csproj", "{09BDDBBC-14AA-40B7-8545-F71BE4800F97}"
EndProject
Project("{FAE04EC0-301F-11D3-BF4B-00C04F79EFBC}") = "PaymentService.Domain.Tests", "tests\PaymentService.Domain.Tests\PaymentService.Domain.Tests.csproj", "{1DCF3EF7-E583-4CBA-9A49-0F501626A9FE}"
EndProject
Project("{FAE04EC0-301F-11D3-BF4B-00C04F79EFBC}") = "BuildingBlocks.Tests", "tests\BuildingBlocks.Tests\BuildingBlocks.Tests.csproj", "{52524C86-C96D-4694-9B38-8D0538B3BED2}"
EndProject
Global
	GlobalSection(SolutionConfigurationPlatforms) = preSolution
		Debug|Any CPU = Debug|Any CPU
		Release|Any CPU = Release|Any CPU
	EndGlobalSection
	GlobalSection(SolutionProperties) = preSolution
		HideSolutionNode = FALSE
	EndGlobalSection
	GlobalSection(ProjectConfigurationPlatforms) = postSolution
		{1BCB868D-DB90-40C7-8C29-C9905665F823}.Debug|Any CPU.ActiveCfg = Debug|Any CPU
		{1BCB868D-DB90-40C7-8C29-C9905665F823}.Debug|Any CPU.Build.0 = Debug|Any CPU
		{1BCB868D-DB90-40C7-8C29-C9905665F823}.Release|Any CPU.ActiveCfg = Release|Any CPU
		{1BCB868D-DB90-40C7-8C29-C9905665F823}.Release|Any CPU.Build.0 = Release|Any CPU
		{9381A9B4-3F91-42A8-89C6-8C5D58D3CC14}.Debug|Any CPU.ActiveCfg = Debug|Any CPU
		{9381A9B4-3F91-42A8-89C6-8C5D58D3CC14}.Debug|Any CPU.Build.0 = Debug|Any CPU
		{9381A9B4-3F91-42A8-89C6-8C5D58D3CC14}.Release|Any CPU.ActiveCfg = Release|Any CPU
		{9381A9B4-3F91-42A8-89C6-8C5D58D3CC14}.Release|Any CPU.Build.0 = Release|Any CPU
		{F147D936-1308-4B69-A734-5142EAC3A410}.Debug|Any CPU.ActiveCfg = Debug|Any CPU
		{F147D936-1308-4B69-A734-5142EAC3A410}.Debug|Any CPU.Build.0 = Debug|Any CPU
		{F147D936-1308-4B69-A734-5142EAC3A410}.Release|Any CPU.ActiveCfg = Release|Any CPU
		{F147D936-1308-4B69-A734-5142EAC3A410}.Release|Any CPU.Build.0 = Release|Any CPU
		{776E6DC2-03AB-4889-98E7-97C4255560AF}.Debug|Any CPU.ActiveCfg = Debug|Any CPU
		{776E6DC2-03AB-4889-98E7-97C4255560AF}.Debug|Any CPU.Build.0 = Debug|Any CPU
		{776E6DC2-03AB-4889-98E7-97C4255560AF}.Release|Any CPU.ActiveCfg = Release|Any CPU
		{776E6DC2-03AB-4889-98E7-97C4255560AF}.Release|Any CPU.Build.0 = Release|Any CPU
		{FAD95B70-6DF5-4D20-B5BE-C1454A3A28DF}.Debug|Any CPU.ActiveCfg = Debug|Any CPU
		{FAD95B70-6DF5-4D20-B5BE-C1454A3A28DF}.Debug|Any CPU.Build.0 = Debug|Any CPU
		{FAD95B70-6DF5-4D20-B5BE-C1454A3A28DF}.Release|Any CPU.ActiveCfg = Release|Any CPU
		{FAD95B70-6DF5-4D20-B5BE-C1454A3A28DF}.Release|Any CPU.Build.0 = Release|Any CPU
		{30F3EC57-C509-4C86-94E8-FE2059818182}.Debug|Any CPU.ActiveCfg = Debug|Any CPU
		{30F3EC57-C509-4C86-94E8-FE2059818182}.Debug|Any CPU.Build.0 = Debug|Any CPU
		{30F3EC57-C509-4C86-94E8-FE2059818182}.Release|Any CPU.ActiveCfg = Release|Any CPU
		{30F3EC57-C509-4C86-94E8-FE2059818182}.Release|Any CPU.Build.0 = Release|Any CPU
		{0C9F9CA3-AD8E-4592-AC43-63CE7DACCEEA}.Debug|Any CPU.ActiveCfg = Debug|Any CPU
		{0C9F9CA3-AD8E-4592-AC43-63CE7DACCEEA}.Debug|Any CPU.Build.0 = Debug|Any CPU
		{0C9F9CA3-AD8E-4592-AC43-63CE7DACCEEA}.Release|Any CPU.ActiveCfg = Release|Any CPU
		{0C9F9CA3-AD8E-4592-AC43-63CE7DACCEEA}.Release|Any CPU.Build.0 = Release|Any CPU
		{DE6DA558-4626-4B27-808E-2CC78AC2D355}.Debug|Any CPU.ActiveCfg = Debug|Any CPU
		{DE6DA558-4626-4B27-808E-2CC78AC2D355}.Debug|Any CPU.Build.0 = Debug|Any CPU
		{DE6DA558-4626-4B27-808E-2CC78AC2D355}.Release|Any CPU.ActiveCfg = Release|Any CPU
		{DE6DA558-4626-4B27-808E-2CC78AC2D355}.Release|Any CPU.Build.0 = Release|Any CPU
		{11147D1D-6890-4911-9EC2-5AB3045C23A4}.Debug|Any CPU.ActiveCfg = Debug|Any CPU
		{11147D1D-6890-4911-9EC2-5AB3045C23A4}.Debug|Any CPU.Build.0 = Debug|Any CPU
		{11147D1D-6890-4911-9EC2-5AB3045C23A4}.Release|Any CPU.ActiveCfg = Release|Any CPU
		{11147D1D-6890-4911-9EC2-5AB3045C23A4}.Release|Any CPU.Build.0 = Release|Any CPU
		{09BDDBBC-14AA-40B7-8545-F71BE4800F97}.Debug|Any CPU.ActiveCfg = Debug|Any CPU
		{09BDDBBC-14AA-40B7-8545-F71BE4800F97}.Debug|Any CPU.Build.0 = Debug|Any CPU
		{09BDDBBC-14AA-40B7-8545-F71BE4800F97}.Release|Any CPU.ActiveCfg = Release|Any CPU
		{09BDDBBC-14AA-40B7-8545-F71BE4800F97}.Release|Any CPU.Build.0 = Release|Any CPU
		{1DCF3EF7-E583-4CBA-9A49-0F501626A9FE}.Debug|Any CPU.ActiveCfg = Debug|Any CPU
		{1DCF3EF7-E583-4CBA-9A49-0F501626A9FE}.Debug|Any CPU.Build.0 = Debug|Any CPU
		{1DCF3EF7-E583-4CBA-9A49-0F501626A9FE}.Release|Any CPU.ActiveCfg = Release|Any CPU
		{1DCF3EF7-E583-4CBA-9A49-0F501626A9FE}.Release|Any CPU.Build.0 = Release|Any CPU
		{52524C86-C96D-4694-9B38-8D0538B3BED2}.Debug|Any CPU.ActiveCfg = Debug|Any CPU
		{52524C86-C96D-4694-9B38-8D0538B3BED2}.Debug|Any CPU.Build.0 = Debug|Any CPU
		{52524C86-C96D-4694-9B38-8D0538B3BED2}.Release|Any CPU.ActiveCfg = Release|Any CPU
		{52524C86-C96D-4694-9B38-8D0538B3BED2}.Release|Any CPU.Build.0 = Release|Any CPU
	EndGlobalSection
	GlobalSection(NestedProjects) = preSolution
		{1BCB868D-DB90-40C7-8C29-C9905665F823} = {ECA8441A-52EE-48BA-9AA5-08C2E0AE163C}
		{9381A9B4-3F91-42A8-89C6-8C5D58D3CC14} = {4C51F96D-F889-43CB-9F87-31EF7C3E51F7}
		{F147D936-1308-4B69-A734-5142EAC3A410} = {4C51F96D-F889-43CB-9F87-31EF7C3E51F7}
		{776E6DC2-03AB-4889-98E7-97C4255560AF} = {ECA8441A-52EE-48BA-9AA5-08C2E0AE163C}
		{FAD95B70-6DF5-4D20-B5BE-C1454A3A28DF} = {ECA8441A-52EE-48BA-9AA5-08C2E0AE163C}
		{30F3EC57-C509-4C86-94E8-FE2059818182} = {ECA8441A-52EE-48BA-9AA5-08C2E0AE163C}
		{0C9F9CA3-AD8E-4592-AC43-63CE7DACCEEA} = {ECA8441A-52EE-48BA-9AA5-08C2E0AE163C}
		{DE6DA558-4626-4B27-808E-2CC78AC2D355} = {ECA8441A-52EE-48BA-9AA5-08C2E0AE163C}
		{11147D1D-6890-4911-9EC2-5AB3045C23A4} = {ECA8441A-52EE-48BA-9AA5-08C2E0AE163C}
		{09BDDBBC-14AA-40B7-8545-F71BE4800F97} = {ECA8441A-52EE-48BA-9AA5-08C2E0AE163C}
		{1DCF3EF7-E583-4CBA-9A49-0F501626A9FE} = {4C51F96D-F889-43CB-9F87-31EF7C3E51F7}
		{52524C86-C96D-4694-9B38-8D0538B3BED2} = {4C51F96D-F889-43CB-9F87-31EF7C3E51F7}
	EndGlobalSection
EndGlobal
